// !$*UTF8*$!
{
	archiveVersion = 1;
	classes = {
	};
	objectVersion = 77;
	objects = {

/* Begin PBXBuildFile section */
		F611634C2E3955FB008DFD20 /* SwiftKeychainWrapper in Frameworks */ = {isa = PBXBuildFile; productRef = F611634B2E3955FB008DFD20 /* SwiftKeychainWrapper */; };
		F611666E2E3EE80D008DFD20 /* Collections in Frameworks */ = {isa = PBXBuildFile; productRef = F611666D2E3EE80D008DFD20 /* Collections */; };
/* End PBXBuildFile section */

/* Begin PBXContainerItemProxy section */
		F6115E7C2E38F483008DFD20 /* PBXContainerItemProxy */ = {
			isa = PBXContainerItemProxy;
			containerPortal = F6115E662E38F482008DFD20 /* Project object */;
			proxyType = 1;
			remoteGlobalIDString = F6115E6D2E38F482008DFD20;
			remoteInfo = "GitHub Searcher";
		};
		F6115E862E38F483008DFD20 /* PBXContainerItemProxy */ = {
			isa = PBXContainerItemProxy;
			containerPortal = F6115E662E38F482008DFD20 /* Project object */;
			proxyType = 1;
			remoteGlobalIDString = F6115E6D2E38F482008DFD20;
			remoteInfo = "GitHub Searcher";
		};
/* End PBXContainerItemProxy section */

/* Begin PBXFileReference section */
		F6115E6E2E38F482008DFD20 /* GitHub Searcher.app */ = {isa = PBXFileReference; explicitFileType = wrapper.application; includeInIndex = 0; path = "GitHub Searcher.app"; sourceTree = BUILT_PRODUCTS_DIR; };
		F6115E7B2E38F483008DFD20 /* GitHub SearcherTests.xctest */ = {isa = PBXFileReference; explicitFileType = wrapper.cfbundle; includeInIndex = 0; path = "GitHub SearcherTests.xctest"; sourceTree = BUILT_PRODUCTS_DIR; };
		F6115E852E38F483008DFD20 /* GitHub SearcherUITests.xctest */ = {isa = PBXFileReference; explicitFileType = wrapper.cfbundle; includeInIndex = 0; path = "GitHub SearcherUITests.xctest"; sourceTree = BUILT_PRODUCTS_DIR; };
		F61163202E390438008DFD20 /* GitHub-Searcher-Info.plist */ = {isa = PBXFileReference; lastKnownFileType = text.plist.xml; path = "GitHub-Searcher-Info.plist"; sourceTree = SOURCE_ROOT; };
/* End PBXFileReference section */

/* Begin PBXFileSystemSynchronizedRootGroup section */
		F6115E702E38F482008DFD20 /* GitHub Searcher */ = {
			isa = PBXFileSystemSynchronizedRootGroup;
			path = "GitHub Searcher";
			sourceTree = "<group>";
		};
		F6115E7E2E38F483008DFD20 /* GitHub SearcherTests */ = {
			isa = PBXFileSystemSynchronizedRootGroup;
			path = "GitHub SearcherTests";
			sourceTree = "<group>";
		};
		F6115E882E38F483008DFD20 /* GitHub SearcherUITests */ = {
			isa = PBXFileSystemSynchronizedRootGroup;
			path = "GitHub SearcherUITests";
			sourceTree = "<group>";
		};
/* End PBXFileSystemSynchronizedRootGroup section */

/* Begin PBXFrameworksBuildPhase section */
		F6115E6B2E38F482008DFD20 /* Frameworks */ = {
			isa = PBXFrameworksBuildPhase;
			buildActionMask = 2147483647;
			files = (
				F611666E2E3EE80D008DFD20 /* Collections in Frameworks */,
				F611634C2E3955FB008DFD20 /* SwiftKeychainWrapper in Frameworks */,
			);
			runOnlyForDeploymentPostprocessing = 0;
		};
		F6115E782E38F483008DFD20 /* Frameworks */ = {
			isa = PBXFrameworksBuildPhase;
			buildActionMask = 2147483647;
			files = (
			);
			runOnlyForDeploymentPostprocessing = 0;
		};
		F6115E822E38F483008DFD20 /* Frameworks */ = {
			isa = PBXFrameworksBuildPhase;
			buildActionMask = 2147483647;
			files = (
			);
			runOnlyForDeploymentPostprocessing = 0;
		};
/* End PBXFrameworksBuildPhase section */

/* Begin PBXGroup section */
		F6115E652E38F482008DFD20 = {
			isa = PBXGroup;
			children = (
				F61163202E390438008DFD20 /* GitHub-Searcher-Info.plist */,
				F6115E702E38F482008DFD20 /* GitHub Searcher */,
				F6115E7E2E38F483008DFD20 /* GitHub SearcherTests */,
				F6115E882E38F483008DFD20 /* GitHub SearcherUITests */,
				F6115E6F2E38F482008DFD20 /* Products */,
			);
			sourceTree = "<group>";
		};
		F6115E6F2E38F482008DFD20 /* Products */ = {
			isa = PBXGroup;
			children = (
				F6115E6E2E38F482008DFD20 /* GitHub Searcher.app */,
				F6115E7B2E38F483008DFD20 /* GitHub SearcherTests.xctest */,
				F6115E852E38F483008DFD20 /* GitHub SearcherUITests.xctest */,
			);
			name = Products;
			sourceTree = "<group>";
		};
/* End PBXGroup section */

/* Begin PBXNativeTarget section */
		F6115E6D2E38F482008DFD20 /* GitHub Searcher */ = {
			isa = PBXNativeTarget;
			buildConfigurationList = F6115E8F2E38F483008DFD20 /* Build configuration list for PBXNativeTarget "GitHub Searcher" */;
			buildPhases = (
				F6115E6A2E38F482008DFD20 /* Sources */,
				F6115E6B2E38F482008DFD20 /* Frameworks */,
				F6115E6C2E38F482008DFD20 /* Resources */,
			);
			buildRules = (
			);
			dependencies = (
			);
			fileSystemSynchronizedGroups = (
				F6115E702E38F482008DFD20 /* GitHub Searcher */,
			);
			name = "GitHub Searcher";
			packageProductDependencies = (
				F611634B2E3955FB008DFD20 /* SwiftKeychainWrapper */,
				F611666D2E3EE80D008DFD20 /* Collections */,
			);
			productName = "GitHub Searcher";
			productReference = F6115E6E2E38F482008DFD20 /* GitHub Searcher.app */;
			productType = "com.apple.product-type.application";
		};
		F6115E7A2E38F483008DFD20 /* GitHub SearcherTests */ = {
			isa = PBXNativeTarget;
			buildConfigurationList = F6115E922E38F483008DFD20 /* Build configuration list for PBXNativeTarget "GitHub SearcherTests" */;
			buildPhases = (
				F6115E772E38F483008DFD20 /* Sources */,
				F6115E782E38F483008DFD20 /* Frameworks */,
				F6115E792E38F483008DFD20 /* Resources */,
			);
			buildRules = (
			);
			dependencies = (
				F6115E7D2E38F483008DFD20 /* PBXTargetDependency */,
			);
			fileSystemSynchronizedGroups = (
				F6115E7E2E38F483008DFD20 /* GitHub SearcherTests */,
			);
			name = "GitHub SearcherTests";
			packageProductDependencies = (
			);
			productName = "GitHub SearcherTests";
			productReference = F6115E7B2E38F483008DFD20 /* GitHub SearcherTests.xctest */;
			productType = "com.apple.product-type.bundle.unit-test";
		};
		F6115E842E38F483008DFD20 /* GitHub SearcherUITests */ = {
			isa = PBXNativeTarget;
			buildConfigurationList = F6115E952E38F483008DFD20 /* Build configuration list for PBXNativeTarget "GitHub SearcherUITests" */;
			buildPhases = (
				F6115E812E38F483008DFD20 /* Sources */,
				F6115E822E38F483008DFD20 /* Frameworks */,
				F6115E832E38F483008DFD20 /* Resources */,
			);
			buildRules = (
			);
			dependencies = (
				F6115E872E38F483008DFD20 /* PBXTargetDependency */,
			);
			fileSystemSynchronizedGroups = (
				F6115E882E38F483008DFD20 /* GitHub SearcherUITests */,
			);
			name = "GitHub SearcherUITests";
			packageProductDependencies = (
			);
			productName = "GitHub SearcherUITests";
			productReference = F6115E852E38F483008DFD20 /* GitHub SearcherUITests.xctest */;
			productType = "com.apple.product-type.bundle.ui-testing";
		};
/* End PBXNativeTarget section */

/* Begin PBXProject section */
		F6115E662E38F482008DFD20 /* Project object */ = {
			isa = PBXProject;
			attributes = {
				BuildIndependentTargetsInParallel = 1;
				LastSwiftUpdateCheck = 1640;
				LastUpgradeCheck = 1640;
				TargetAttributes = {
					F6115E6D2E38F482008DFD20 = {
						CreatedOnToolsVersion = 16.4;
					};
					F6115E7A2E38F483008DFD20 = {
						CreatedOnToolsVersion = 16.4;
						LastSwiftMigration = 1640;
						TestTargetID = F6115E6D2E38F482008DFD20;
					};
					F6115E842E38F483008DFD20 = {
						CreatedOnToolsVersion = 16.4;
						TestTargetID = F6115E6D2E38F482008DFD20;
					};
				};
			};
			buildConfigurationList = F6115E692E38F482008DFD20 /* Build configuration list for PBXProject "GitHub Searcher" */;
			developmentRegion = en;
			hasScannedForEncodings = 0;
			knownRegions = (
				en,
				Base,
			);
			mainGroup = F6115E652E38F482008DFD20;
			minimizedProjectReferenceProxies = 1;
			packageReferences = (
				F611634A2E3955FB008DFD20 /* XCRemoteSwiftPackageReference "SwiftKeychainWrapper" */,
				F611666C2E3EE80C008DFD20 /* XCRemoteSwiftPackageReference "swift-collections" */,
			);
			preferredProjectObjectVersion = 77;
			productRefGroup = F6115E6F2E38F482008DFD20 /* Products */;
			projectDirPath = "";
			projectRoot = "";
			targets = (
				F6115E6D2E38F482008DFD20 /* GitHub Searcher */,
				F6115E7A2E38F483008DFD20 /* GitHub SearcherTests */,
				F6115E842E38F483008DFD20 /* GitHub SearcherUITests */,
			);
		};
/* End PBXProject section */

/* Begin PBXResourcesBuildPhase section */
		F6115E6C2E38F482008DFD20 /* Resources */ = {
			isa = PBXResourcesBuildPhase;
			buildActionMask = 2147483647;
			files = (
			);
			runOnlyForDeploymentPostprocessing = 0;
		};
		F6115E792E38F483008DFD20 /* Resources */ = {
			isa = PBXResourcesBuildPhase;
			buildActionMask = 2147483647;
			files = (
			);
			runOnlyForDeploymentPostprocessing = 0;
		};
		F6115E832E38F483008DFD20 /* Resources */ = {
			isa = PBXResourcesBuildPhase;
			buildActionMask = 2147483647;
			files = (
			);
			runOnlyForDeploymentPostprocessing = 0;
		};
/* End PBXResourcesBuildPhase section */

/* Begin PBXSourcesBuildPhase section */
		F6115E6A2E38F482008DFD20 /* Sources */ = {
			isa = PBXSourcesBuildPhase;
			buildActionMask = 2147483647;
			files = (
			);
			runOnlyForDeploymentPostprocessing = 0;
		};
		F6115E772E38F483008DFD20 /* Sources */ = {
			isa = PBXSourcesBuildPhase;
			buildActionMask = 2147483647;
			files = (
			);
			runOnlyForDeploymentPostprocessing = 0;
		};
		F6115E812E38F483008DFD20 /* Sources */ = {
			isa = PBXSourcesBuildPhase;
			buildActionMask = 2147483647;
			files = (
			);
			runOnlyForDeploymentPostprocessing = 0;
		};
/* End PBXSourcesBuildPhase section */

/* Begin PBXTargetDependency section */
		F6115E7D2E38F483008DFD20 /* PBXTargetDependency */ = {
			isa = PBXTargetDependency;
			target = F6115E6D2E38F482008DFD20 /* GitHub Searcher */;
			targetProxy = F6115E7C2E38F483008DFD20 /* PBXContainerItemProxy */;
		};
		F6115E872E38F483008DFD20 /* PBXTargetDependency */ = {
			isa = PBXTargetDependency;
			target = F6115E6D2E38F482008DFD20 /* GitHub Searcher */;
			targetProxy = F6115E862E38F483008DFD20 /* PBXContainerItemProxy */;
		};
/* End PBXTargetDependency section */

/* Begin XCBuildConfiguration section */
		F6115E8D2E38F483008DFD20 /* Debug */ = {
			isa = XCBuildConfiguration;
			buildSettings = {
				ALWAYS_SEARCH_USER_PATHS = NO;
				ASSETCATALOG_COMPILER_GENERATE_SWIFT_ASSET_SYMBOL_EXTENSIONS = YES;
				CLANG_ANALYZER_NONNULL = YES;
				CLANG_ANALYZER_NUMBER_OBJECT_CONVERSION = YES_AGGRESSIVE;
				CLANG_CXX_LANGUAGE_STANDARD = "gnu++20";
				CLANG_ENABLE_MODULES = YES;
				CLANG_ENABLE_OBJC_ARC = YES;
				CLANG_ENABLE_OBJC_WEAK = YES;
				CLANG_WARN_BLOCK_CAPTURE_AUTORELEASING = YES;
				CLANG_WARN_BOOL_CONVERSION = YES;
				CLANG_WARN_COMMA = YES;
				CLANG_WARN_CONSTANT_CONVERSION = YES;
				CLANG_WARN_DEPRECATED_OBJC_IMPLEMENTATIONS = YES;
				CLANG_WARN_DIRECT_OBJC_ISA_USAGE = YES_ERROR;
				CLANG_WARN_DOCUMENTATION_COMMENTS = YES;
				CLANG_WARN_EMPTY_BODY = YES;
				CLANG_WARN_ENUM_CONVERSION = YES;
				CLANG_WARN_INFINITE_RECURSION = YES;
				CLANG_WARN_INT_CONVERSION = YES;
				CLANG_WARN_NON_LITERAL_NULL_CONVERSION = YES;
				CLANG_WARN_OBJC_IMPLICIT_RETAIN_SELF = YES;
				CLANG_WARN_OBJC_LITERAL_CONVERSION = YES;
				CLANG_WARN_OBJC_ROOT_CLASS = YES_ERROR;
				CLANG_WARN_QUOTED_INCLUDE_IN_FRAMEWORK_HEADER = YES;
				CLANG_WARN_RANGE_LOOP_ANALYSIS = YES;
				CLANG_WARN_STRICT_PROTOTYPES = YES;
				CLANG_WARN_SUSPICIOUS_MOVE = YES;
				CLANG_WARN_UNGUARDED_AVAILABILITY = YES_AGGRESSIVE;
				CLANG_WARN_UNREACHABLE_CODE = YES;
				CLANG_WARN__DUPLICATE_METHOD_MATCH = YES;
				COPY_PHASE_STRIP = NO;
				DEBUG_INFORMATION_FORMAT = dwarf;
				DEVELOPMENT_TEAM = 46XVA3WLKT;
				ENABLE_STRICT_OBJC_MSGSEND = YES;
				ENABLE_TESTABILITY = YES;
				ENABLE_USER_SCRIPT_SANDBOXING = YES;
				GCC_C_LANGUAGE_STANDARD = gnu17;
				GCC_DYNAMIC_NO_PIC = NO;
				GCC_NO_COMMON_BLOCKS = YES;
				GCC_OPTIMIZATION_LEVEL = 0;
				GCC_PREPROCESSOR_DEFINITIONS = (
					"DEBUG=1",
					"$(inherited)",
				);
				GCC_WARN_64_TO_32_BIT_CONVERSION = YES;
				GCC_WARN_ABOUT_RETURN_TYPE = YES_ERROR;
				GCC_WARN_UNDECLARED_SELECTOR = YES;
				GCC_WARN_UNINITIALIZED_AUTOS = YES_AGGRESSIVE;
				GCC_WARN_UNUSED_FUNCTION = YES;
				GCC_WARN_UNUSED_VARIABLE = YES;
				IPHONEOS_DEPLOYMENT_TARGET = 18.5;
				LOCALIZATION_PREFERS_STRING_CATALOGS = YES;
				MTL_ENABLE_DEBUG_INFO = INCLUDE_SOURCE;
				MTL_FAST_MATH = YES;
				ONLY_ACTIVE_ARCH = YES;
				SDKROOT = iphoneos;
				SWIFT_ACTIVE_COMPILATION_CONDITIONS = "DEBUG $(inherited)";
				SWIFT_OPTIMIZATION_LEVEL = "-Onone";
			};
			name = Debug;
		};
		F6115E8E2E38F483008DFD20 /* Release */ = {
			isa = XCBuildConfiguration;
			buildSettings = {
				ALWAYS_SEARCH_USER_PATHS = NO;
				ASSETCATALOG_COMPILER_GENERATE_SWIFT_ASSET_SYMBOL_EXTENSIONS = YES;
				CLANG_ANALYZER_NONNULL = YES;
				CLANG_ANALYZER_NUMBER_OBJECT_CONVERSION = YES_AGGRESSIVE;
				CLANG_CXX_LANGUAGE_STANDARD = "gnu++20";
				CLANG_ENABLE_MODULES = YES;
				CLANG_ENABLE_OBJC_ARC = YES;
				CLANG_ENABLE_OBJC_WEAK = YES;
				CLANG_WARN_BLOCK_CAPTURE_AUTORELEASING = YES;
				CLANG_WARN_BOOL_CONVERSION = YES;
				CLANG_WARN_COMMA = YES;
				CLANG_WARN_CONSTANT_CONVERSION = YES;
				CLANG_WARN_DEPRECATED_OBJC_IMPLEMENTATIONS = YES;
				CLANG_WARN_DIRECT_OBJC_ISA_USAGE = YES_ERROR;
				CLANG_WARN_DOCUMENTATION_COMMENTS = YES;
				CLANG_WARN_EMPTY_BODY = YES;
				CLANG_WARN_ENUM_CONVERSION = YES;
				CLANG_WARN_INFINITE_RECURSION = YES;
				CLANG_WARN_INT_CONVERSION = YES;
				CLANG_WARN_NON_LITERAL_NULL_CONVERSION = YES;
				CLANG_WARN_OBJC_IMPLICIT_RETAIN_SELF = YES;
				CLANG_WARN_OBJC_LITERAL_CONVERSION = YES;
				CLANG_WARN_OBJC_ROOT_CLASS = YES_ERROR;
				CLANG_WARN_QUOTED_INCLUDE_IN_FRAMEWORK_HEADER = YES;
				CLANG_WARN_RANGE_LOOP_ANALYSIS = YES;
				CLANG_WARN_STRICT_PROTOTYPES = YES;
				CLANG_WARN_SUSPICIOUS_MOVE = YES;
				CLANG_WARN_UNGUARDED_AVAILABILITY = YES_AGGRESSIVE;
				CLANG_WARN_UNREACHABLE_CODE = YES;
				CLANG_WARN__DUPLICATE_METHOD_MATCH = YES;
				COPY_PHASE_STRIP = NO;
				DEBUG_INFORMATION_FORMAT = "dwarf-with-dsym";
				DEVELOPMENT_TEAM = 46XVA3WLKT;
				ENABLE_NS_ASSERTIONS = NO;
				ENABLE_STRICT_OBJC_MSGSEND = YES;
				ENABLE_USER_SCRIPT_SANDBOXING = YES;
				GCC_C_LANGUAGE_STANDARD = gnu17;
				GCC_NO_COMMON_BLOCKS = YES;
				GCC_WARN_64_TO_32_BIT_CONVERSION = YES;
				GCC_WARN_ABOUT_RETURN_TYPE = YES_ERROR;
				GCC_WARN_UNDECLARED_SELECTOR = YES;
				GCC_WARN_UNINITIALIZED_AUTOS = YES_AGGRESSIVE;
				GCC_WARN_UNUSED_FUNCTION = YES;
				GCC_WARN_UNUSED_VARIABLE = YES;
				IPHONEOS_DEPLOYMENT_TARGET = 18.5;
				LOCALIZATION_PREFERS_STRING_CATALOGS = YES;
				MTL_ENABLE_DEBUG_INFO = NO;
				MTL_FAST_MATH = YES;
				SDKROOT = iphoneos;
				SWIFT_COMPILATION_MODE = wholemodule;
				VALIDATE_PRODUCT = YES;
			};
			name = Release;
		};
		F6115E902E38F483008DFD20 /* Debug */ = {
			isa = XCBuildConfiguration;
			buildSettings = {
				ASSETCATALOG_COMPILER_APPICON_NAME = AppIcon;
				ASSETCATALOG_COMPILER_GLOBAL_ACCENT_COLOR_NAME = AccentColor;
				CODE_SIGN_STYLE = Automatic;
				CURRENT_PROJECT_VERSION = 1;
				DEVELOPMENT_TEAM = 46XVA3WLKT;
				ENABLE_PREVIEWS = YES;
				GENERATE_INFOPLIST_FILE = YES;
				INFOPLIST_FILE = "GitHub-Searcher-Info.plist";
				INFOPLIST_KEY_UIApplicationSceneManifest_Generation = YES;
				INFOPLIST_KEY_UIApplicationSupportsIndirectInputEvents = YES;
				INFOPLIST_KEY_UILaunchScreen_Generation = YES;
				INFOPLIST_KEY_UISupportedInterfaceOrientations_iPad = "UIInterfaceOrientationPortrait UIInterfaceOrientationPortraitUpsideDown UIInterfaceOrientationLandscapeLeft UIInterfaceOrientationLandscapeRight";
				INFOPLIST_KEY_UISupportedInterfaceOrientations_iPhone = "UIInterfaceOrientationPortrait UIInterfaceOrientationLandscapeLeft UIInterfaceOrientationLandscapeRight";
				LD_RUNPATH_SEARCH_PATHS = (
					"$(inherited)",
					"@executable_path/Frameworks",
				);
				MARKETING_VERSION = 1.0;
				PRODUCT_BUNDLE_IDENTIFIER = "daniyar.com.GitHub-Searcher";
				PRODUCT_NAME = "$(TARGET_NAME)";
				SWIFT_EMIT_LOC_STRINGS = YES;
				SWIFT_VERSION = 5.0;
				TARGETED_DEVICE_FAMILY = "1,2";
			};
			name = Debug;
		};
		F6115E912E38F483008DFD20 /* Release */ = {
			isa = XCBuildConfiguration;
			buildSettings = {
				ASSETCATALOG_COMPILER_APPICON_NAME = AppIcon;
				ASSETCATALOG_COMPILER_GLOBAL_ACCENT_COLOR_NAME = AccentColor;
				CODE_SIGN_STYLE = Automatic;
				CURRENT_PROJECT_VERSION = 1;
				DEVELOPMENT_TEAM = 46XVA3WLKT;
				ENABLE_PREVIEWS = YES;
				GENERATE_INFOPLIST_FILE = YES;
				INFOPLIST_FILE = "GitHub-Searcher-Info.plist";
				INFOPLIST_KEY_UIApplicationSceneManifest_Generation = YES;
				INFOPLIST_KEY_UIApplicationSupportsIndirectInputEvents = YES;
				INFOPLIST_KEY_UILaunchScreen_Generation = YES;
				INFOPLIST_KEY_UISupportedInterfaceOrientations_iPad = "UIInterfaceOrientationPortrait UIInterfaceOrientationPortraitUpsideDown UIInterfaceOrientationLandscapeLeft UIInterfaceOrientationLandscapeRight";
				INFOPLIST_KEY_UISupportedInterfaceOrientations_iPhone = "UIInterfaceOrientationPortrait UIInterfaceOrientationLandscapeLeft UIInterfaceOrientationLandscapeRight";
				LD_RUNPATH_SEARCH_PATHS = (
					"$(inherited)",
					"@executable_path/Frameworks",
				);
				MARKETING_VERSION = 1.0;
				PRODUCT_BUNDLE_IDENTIFIER = "daniyar.com.GitHub-Searcher";
				PRODUCT_NAME = "$(TARGET_NAME)";
				SWIFT_EMIT_LOC_STRINGS = YES;
				SWIFT_VERSION = 5.0;
				TARGETED_DEVICE_FAMILY = "1,2";
			};
			name = Release;
		};
		F6115E932E38F483008DFD20 /* Debug */ = {
			isa = XCBuildConfiguration;
			buildSettings = {
				BUNDLE_LOADER = "$(TEST_HOST)";
				CLANG_ENABLE_MODULES = YES;
				CODE_SIGN_STYLE = Automatic;
				CURRENT_PROJECT_VERSION = 1;
				DEVELOPMENT_TEAM = 46XVA3WLKT;
				GENERATE_INFOPLIST_FILE = YES;
				IPHONEOS_DEPLOYMENT_TARGET = 18.5;
				MARKETING_VERSION = 1.0;
				PRODUCT_BUNDLE_IDENTIFIER = "daniyar.com.GitHub-SearcherTests";
				PRODUCT_NAME = "$(TARGET_NAME)";
				SWIFT_EMIT_LOC_STRINGS = NO;
				SWIFT_OBJC_BRIDGING_HEADER = "";
				SWIFT_OPTIMIZATION_LEVEL = "-Onone";
				SWIFT_VERSION = 5.0;
				TARGETED_DEVICE_FAMILY = "1,2";
				TEST_HOST = "$(BUILT_PRODUCTS_DIR)/GitHub Searcher.app/$(BUNDLE_EXECUTABLE_FOLDER_PATH)/GitHub Searcher";
			};
			name = Debug;
		};
		F6115E942E38F483008DFD20 /* Release */ = {
			isa = XCBuildConfiguration;
			buildSettings = {
				BUNDLE_LOADER = "$(TEST_HOST)";
				CLANG_ENABLE_MODULES = YES;
				CODE_SIGN_STYLE = Automatic;
				CURRENT_PROJECT_VERSION = 1;
				DEVELOPMENT_TEAM = 46XVA3WLKT;
				GENERATE_INFOPLIST_FILE = YES;
				IPHONEOS_DEPLOYMENT_TARGET = 18.5;
				MARKETING_VERSION = 1.0;
				PRODUCT_BUNDLE_IDENTIFIER = "daniyar.com.GitHub-SearcherTests";
				PRODUCT_NAME = "$(TARGET_NAME)";
				SWIFT_EMIT_LOC_STRINGS = NO;
				SWIFT_OBJC_BRIDGING_HEADER = "";
				SWIFT_VERSION = 5.0;
				TARGETED_DEVICE_FAMILY = "1,2";
				TEST_HOST = "$(BUILT_PRODUCTS_DIR)/GitHub Searcher.app/$(BUNDLE_EXECUTABLE_FOLDER_PATH)/GitHub Searcher";
			};
			name = Release;
		};
		F6115E962E38F483008DFD20 /* Debug */ = {
			isa = XCBuildConfiguration;
			buildSettings = {
				CODE_SIGN_STYLE = Automatic;
				CURRENT_PROJECT_VERSION = 1;
				DEVELOPMENT_TEAM = 46XVA3WLKT;
				GENERATE_INFOPLIST_FILE = YES;
				MARKETING_VERSION = 1.0;
				PRODUCT_BUNDLE_IDENTIFIER = "daniyar.com.GitHub-SearcherUITests";
				PRODUCT_NAME = "$(TARGET_NAME)";
				SWIFT_EMIT_LOC_STRINGS = NO;
				SWIFT_VERSION = 5.0;
				TARGETED_DEVICE_FAMILY = "1,2";
				TEST_TARGET_NAME = "GitHub Searcher";
			};
			name = Debug;
		};
		F6115E972E38F483008DFD20 /* Release */ = {
			isa = XCBuildConfiguration;
			buildSettings = {
				CODE_SIGN_STYLE = Automatic;
				CURRENT_PROJECT_VERSION = 1;
				DEVELOPMENT_TEAM = 46XVA3WLKT;
				GENERATE_INFOPLIST_FILE = YES;
				MARKETING_VERSION = 1.0;
				PRODUCT_BUNDLE_IDENTIFIER = "daniyar.com.GitHub-SearcherUITests";
				PRODUCT_NAME = "$(TARGET_NAME)";
				SWIFT_EMIT_LOC_STRINGS = NO;
				SWIFT_VERSION = 5.0;
				TARGETED_DEVICE_FAMILY = "1,2";
				TEST_TARGET_NAME = "GitHub Searcher";
			};
			name = Release;
		};
/* End XCBuildConfiguration section */

/* Begin XCConfigurationList section */
		F6115E692E38F482008DFD20 /* Build configuration list for PBXProject "GitHub Searcher" */ = {
			isa = XCConfigurationList;
			buildConfigurations = (
				F6115E8D2E38F483008DFD20 /* Debug */,
				F6115E8E2E38F483008DFD20 /* Release */,
			);
			defaultConfigurationIsVisible = 0;
			defaultConfigurationName = Release;
		};
		F6115E8F2E38F483008DFD20 /* Build configuration list for PBXNativeTarget "GitHub Searcher" */ = {
			isa = XCConfigurationList;
			buildConfigurations = (
				F6115E902E38F483008DFD20 /* Debug */,
				F6115E912E38F483008DFD20 /* Release */,
			);
			defaultConfigurationIsVisible = 0;
			defaultConfigurationName = Release;
		};
		F6115E922E38F483008DFD20 /* Build configuration list for PBXNativeTarget "GitHub SearcherTests" */ = {
			isa = XCConfigurationList;
			buildConfigurations = (
				F6115E932E38F483008DFD20 /* Debug */,
				F6115E942E38F483008DFD20 /* Release */,
			);
			defaultConfigurationIsVisible = 0;
			defaultConfigurationName = Release;
		};
		F6115E952E38F483008DFD20 /* Build configuration list for PBXNativeTarget "GitHub SearcherUITests" */ = {
			isa = XCConfigurationList;
			buildConfigurations = (
				F6115E962E38F483008DFD20 /* Debug */,
				F6115E972E38F483008DFD20 /* Release */,
			);
			defaultConfigurationIsVisible = 0;
			defaultConfigurationName = Release;
		};
/* End XCConfigurationList section */

/* Begin XCRemoteSwiftPackageReference section */
		F611634A2E3955FB008DFD20 /* XCRemoteSwiftPackageReference "SwiftKeychainWrapper" */ = {
			isa = XCRemoteSwiftPackageReference;
			repositoryURL = "https://github.com/jrendel/SwiftKeychainWrapper.git";
			requirement = {
				kind = upToNextMajorVersion;
				minimumVersion = 4.0.1;
			};
		};
		F611666C2E3EE80C008DFD20 /* XCRemoteSwiftPackageReference "swift-collections" */ = {
			isa = XCRemoteSwiftPackageReference;
			repositoryURL = "https://github.com/apple/swift-collections.git";
			requirement = {
				kind = upToNextMajorVersion;
				minimumVersion = 1.2.1;
			};
		};
/* End XCRemoteSwiftPackageReference section */

/* Begin XCSwiftPackageProductDependency section */
		F611634B2E3955FB008DFD20 /* SwiftKeychainWrapper */ = {
			isa = XCSwiftPackageProductDependency;
			package = F611634A2E3955FB008DFD20 /* XCRemoteSwiftPackageReference "SwiftKeychainWrapper" */;
			productName = SwiftKeychainWrapper;
		};
		F611666D2E3EE80D008DFD20 /* Collections */ = {
			isa = XCSwiftPackageProductDependency;
			package = F611666C2E3EE80C008DFD20 /* XCRemoteSwiftPackageReference "swift-collections" */;
			productName = Collections;
		};
/* End XCSwiftPackageProductDependency section */
	};
	rootObject = F6115E662E38F482008DFD20 /* Project object */;
}
